
Microsoft Visual Studio Solution File, Format Version 12.00
# Visual Studio Version 17
VisualStudioVersion = 17.8.34511.84
MinimumVisualStudioVersion = 10.0.40219.1
Project("{FAE04EC0-301F-11D3-BF4B-00C04F79EFBC}") = "ChatServer", "ChatServer.csproj", "{9887F974-8944-4FE6-B7AE-89CC27D82B52}"
EndProject
Global
	GlobalSection(SolutionConfigurationPlatforms) = preSolution
		Debug|Any CPU = Debug|Any CPU
		Release|Any CPU = Release|Any CPU
	EndGlobalSection
	GlobalSection(ProjectConfigurationPlatforms) = postSolution
		{9887F974-8944-4FE6-B7AE-89CC27D82B52}.Debug|Any CPU.ActiveCfg = Debug|Any CPU
		{9887F974-8944-4FE6-B7AE-89CC27D82B52}.Debug|Any CPU.Build.0 = Debug|Any CPU
		{9887F974-8944-4FE6-B7AE-89CC27D82B52}.Release|Any CPU.ActiveCfg = Release|Any CPU
		{9887F974-8944-4FE6-B7AE-89CC27D82B52}.Release|Any CPU.Build.0 = Release|Any CPU
	EndGlobalSection
	GlobalSection(SolutionProperties) = preSolution
		HideSolutionNode = FALSE
	EndGlobalSection
	GlobalSection(ExtensibilityGlobals) = postSolution
		SolutionGuid = {BCB7435A-CC2C-4C54-9C96-6F0D2D0932FF}
	EndGlobalSection
EndGlobal
